
Microsoft Visual Studio Solution File, Format Version 12.00
# Visual Studio 15
VisualStudioVersion = 15.0.28010.2036
MinimumVisualStudioVersion = 10.0.40219.1
Project("{9A19103F-16F7-4668-BE54-9A1E7A4F7556}") = "NLog.Targets.SNS", "NLog.Targets.SNS\NLog.Targets.SNS.csproj", "{CCE98305-ADE2-4AFB-B43B-37A3231473BE}"
EndProject
Project("{2150E333-8FDC-42A3-9474-1A3956D46DE8}") = "Solution Items", "Solution Items", "{F42D84BC-1B0D-4AAA-97B6-3D58E1D90549}"
	ProjectSection(SolutionItems) = preProject
		.gitignore = .gitignore
	EndProjectSection
EndProject
Global
	GlobalSection(SolutionConfigurationPlatforms) = preSolution
		Debug|Any CPU = Debug|Any CPU
		Release|Any CPU = Release|Any CPU
	EndGlobalSection
	GlobalSection(ProjectConfigurationPlatforms) = postSolution
		{CCE98305-ADE2-4AFB-B43B-37A3231473BE}.Debug|Any CPU.ActiveCfg = Debug|Any CPU
		{CCE98305-ADE2-4AFB-B43B-37A3231473BE}.Debug|Any CPU.Build.0 = Debug|Any CPU
		{CCE98305-ADE2-4AFB-B43B-37A3231473BE}.Release|Any CPU.ActiveCfg = Release|Any CPU
		{CCE98305-ADE2-4AFB-B43B-37A3231473BE}.Release|Any CPU.Build.0 = Release|Any CPU
	EndGlobalSection
	GlobalSection(SolutionProperties) = preSolution
		HideSolutionNode = FALSE
	EndGlobalSection
	GlobalSection(ExtensibilityGlobals) = postSolution
		SolutionGuid = {667BE8D3-CA67-4365-BE0D-366D2094F984}
	EndGlobalSection
EndGlobal
